
Microsoft Visual Studio Solution File, Format Version 12.00
# Visual Studio Version 17
VisualStudioVersion = 17.0.31912.275
MinimumVisualStudioVersion = 10.0.40219.1
Project("{FAE04EC0-301F-11D3-BF4B-00C04F79EFBC}") = "DevFreela.API", "DevFreela.API\DevFreela.API.csproj", "{7E2EB31C-BD7B-4F54-A944-D626F1748705}"
EndProject
Project("{FAE04EC0-301F-11D3-BF4B-00C04F79EFBC}") = "DevFreela.Core", "DevFreela.Core\DevFreela.Core.csproj", "{CE1DEB60-4B8A-4498-8D4B-F618C9EE5A17}"
EndProject
Project("{FAE04EC0-301F-11D3-BF4B-00C04F79EFBC}") = "DevFreela.Infrastructure", "DevFreela.Infrastructure\DevFreela.Infrastructure.csproj", "{8036FB35-7F5E-453D-A21E-DC6A1DF2AB26}"
EndProject
Project("{FAE04EC0-301F-11D3-BF4B-00C04F79EFBC}") = "DevFreela.Application", "DevFreela.Application\DevFreela.Application.csproj", "{87C9BB9B-6C0F-4C61-8380-A1B1AD7C60E7}"
EndProject
Project("{2150E333-8FDC-42A3-9474-1A3956D46DE8}") = "Solution Items", "Solution Items", "{C5146C74-2555-445A-8AD3-3AD45660176B}"
	ProjectSection(SolutionItems) = preProject
		.editorconfig = .editorconfig
	EndProjectSection
EndProject
Global
	GlobalSection(SolutionConfigurationPlatforms) = preSolution
		Debug|Any CPU = Debug|Any CPU
		Release|Any CPU = Release|Any CPU
	EndGlobalSection
	GlobalSection(ProjectConfigurationPlatforms) = postSolution
		{7E2EB31C-BD7B-4F54-A944-D626F1748705}.Debug|Any CPU.ActiveCfg = Debug|Any CPU
		{7E2EB31C-BD7B-4F54-A944-D626F1748705}.Debug|Any CPU.Build.0 = Debug|Any CPU
		{7E2EB31C-BD7B-4F54-A944-D626F1748705}.Release|Any CPU.ActiveCfg = Release|Any CPU
		{7E2EB31C-BD7B-4F54-A944-D626F1748705}.Release|Any CPU.Build.0 = Release|Any CPU
		{CE1DEB60-4B8A-4498-8D4B-F618C9EE5A17}.Debug|Any CPU.ActiveCfg = Debug|Any CPU
		{CE1DEB60-4B8A-4498-8D4B-F618C9EE5A17}.Debug|Any CPU.Build.0 = Debug|Any CPU
		{CE1DEB60-4B8A-4498-8D4B-F618C9EE5A17}.Release|Any CPU.ActiveCfg = Release|Any CPU
		{CE1DEB60-4B8A-4498-8D4B-F618C9EE5A17}.Release|Any CPU.Build.0 = Release|Any CPU
		{8036FB35-7F5E-453D-A21E-DC6A1DF2AB26}.Debug|Any CPU.ActiveCfg = Debug|Any CPU
		{8036FB35-7F5E-453D-A21E-DC6A1DF2AB26}.Debug|Any CPU.Build.0 = Debug|Any CPU
		{8036FB35-7F5E-453D-A21E-DC6A1DF2AB26}.Release|Any CPU.ActiveCfg = Release|Any CPU
		{8036FB35-7F5E-453D-A21E-DC6A1DF2AB26}.Release|Any CPU.Build.0 = Release|Any CPU
		{87C9BB9B-6C0F-4C61-8380-A1B1AD7C60E7}.Debug|Any CPU.ActiveCfg = Debug|Any CPU
		{87C9BB9B-6C0F-4C61-8380-A1B1AD7C60E7}.Debug|Any CPU.Build.0 = Debug|Any CPU
		{87C9BB9B-6C0F-4C61-8380-A1B1AD7C60E7}.Release|Any CPU.ActiveCfg = Release|Any CPU
		{87C9BB9B-6C0F-4C61-8380-A1B1AD7C60E7}.Release|Any CPU.Build.0 = Release|Any CPU
	EndGlobalSection
	GlobalSection(SolutionProperties) = preSolution
		HideSolutionNode = FALSE
	EndGlobalSection
	GlobalSection(ExtensibilityGlobals) = postSolution
		SolutionGuid = {5C2AD609-F426-47E7-9D17-975C780BEE05}
	EndGlobalSection
EndGlobal
